
Microsoft Visual Studio Solution File, Format Version 12.00
# Visual Studio 15
VisualStudioVersion = 15.0.27703.2026
MinimumVisualStudioVersion = 10.0.40219.1
Project("{FAE04EC0-301F-11D3-BF4B-00C04F79EFBC}") = "GcpeProductsAPI", "GcpeProductsAPI\GcpeProductsAPI.csproj", "{24206B1F-5642-4969-B590-A76C2ED3263D}"
EndProject
Project("{FAE04EC0-301F-11D3-BF4B-00C04F79EFBC}") = "BookStoreApp.Tests", "BookStoreApp.Tests\BookStoreApp.Tests.csproj", "{8158AE17-BF7D-4552-9B63-E8C15F835CE0}"
EndProject
Global
	GlobalSection(SolutionConfigurationPlatforms) = preSolution
		Debug|Any CPU = Debug|Any CPU
		Release|Any CPU = Release|Any CPU
	EndGlobalSection
	GlobalSection(ProjectConfigurationPlatforms) = postSolution
		{24206B1F-5642-4969-B590-A76C2ED3263D}.Debug|Any CPU.ActiveCfg = Debug|Any CPU
		{24206B1F-5642-4969-B590-A76C2ED3263D}.Debug|Any CPU.Build.0 = Debug|Any CPU
		{24206B1F-5642-4969-B590-A76C2ED3263D}.Release|Any CPU.ActiveCfg = Release|Any CPU
		{24206B1F-5642-4969-B590-A76C2ED3263D}.Release|Any CPU.Build.0 = Release|Any CPU
		{8158AE17-BF7D-4552-9B63-E8C15F835CE0}.Debug|Any CPU.ActiveCfg = Debug|Any CPU
		{8158AE17-BF7D-4552-9B63-E8C15F835CE0}.Debug|Any CPU.Build.0 = Debug|Any CPU
		{8158AE17-BF7D-4552-9B63-E8C15F835CE0}.Release|Any CPU.ActiveCfg = Release|Any CPU
		{8158AE17-BF7D-4552-9B63-E8C15F835CE0}.Release|Any CPU.Build.0 = Release|Any CPU
	EndGlobalSection
	GlobalSection(SolutionProperties) = preSolution
		HideSolutionNode = FALSE
	EndGlobalSection
	GlobalSection(ExtensibilityGlobals) = postSolution
		SolutionGuid = {655A47C4-77D1-43DE-A9C9-EF2A4DFF84D2}
	EndGlobalSection
EndGlobal
